
Microsoft Visual Studio Solution File, Format Version 12.00
# Visual Studio Version 17
VisualStudioVersion = 17.12.35728.132
MinimumVisualStudioVersion = 10.0.40219.1
Project("{FAE04EC0-301F-11D3-BF4B-00C04F79EFBC}") = "michiSistemaProg", "SoftProg\michiSistemaProg.csproj", "{126C5BC5-654F-4E04-BCA8-0C32A81F57C6}"
EndProject
Project("{FAE04EC0-301F-11D3-BF4B-00C04F79EFBC}") = "MichiSistemaWA", "SoftProgWA\MichiSistemaWA.csproj", "{FA9A864F-940F-4C82-87F1-255AEA32F02B}"
EndProject
Project("{FAE04EC0-301F-11D3-BF4B-00C04F79EFBC}") = "MichiSistemaWeb", "MichiSistemaWeb\MichiSistemaWeb.csproj", "{36B85BD3-E36B-4287-89EE-0171D942415A}"
EndProject
Project("{2150E333-8FDC-42A3-9474-1A3956D46DE8}") = "Elementos de la solución", "Elementos de la solución", "{D107F4C8-89CC-BEA8-D3D7-CA6B7733353D}"
	ProjectSection(SolutionItems) = preProject
		.gitignore = .gitignore
	EndProjectSection
EndProject
Global
	GlobalSection(SolutionConfigurationPlatforms) = preSolution
		Debug|Any CPU = Debug|Any CPU
		Release|Any CPU = Release|Any CPU
	EndGlobalSection
	GlobalSection(ProjectConfigurationPlatforms) = postSolution
		{126C5BC5-654F-4E04-BCA8-0C32A81F57C6}.Debug|Any CPU.ActiveCfg = Debug|Any CPU
		{126C5BC5-654F-4E04-BCA8-0C32A81F57C6}.Debug|Any CPU.Build.0 = Debug|Any CPU
		{126C5BC5-654F-4E04-BCA8-0C32A81F57C6}.Release|Any CPU.ActiveCfg = Release|Any CPU
		{126C5BC5-654F-4E04-BCA8-0C32A81F57C6}.Release|Any CPU.Build.0 = Release|Any CPU
		{FA9A864F-940F-4C82-87F1-255AEA32F02B}.Debug|Any CPU.ActiveCfg = Debug|Any CPU
		{FA9A864F-940F-4C82-87F1-255AEA32F02B}.Debug|Any CPU.Build.0 = Debug|Any CPU
		{FA9A864F-940F-4C82-87F1-255AEA32F02B}.Release|Any CPU.ActiveCfg = Release|Any CPU
		{FA9A864F-940F-4C82-87F1-255AEA32F02B}.Release|Any CPU.Build.0 = Release|Any CPU
		{36B85BD3-E36B-4287-89EE-0171D942415A}.Debug|Any CPU.ActiveCfg = Debug|Any CPU
		{36B85BD3-E36B-4287-89EE-0171D942415A}.Debug|Any CPU.Build.0 = Debug|Any CPU
		{36B85BD3-E36B-4287-89EE-0171D942415A}.Release|Any CPU.ActiveCfg = Release|Any CPU
		{36B85BD3-E36B-4287-89EE-0171D942415A}.Release|Any CPU.Build.0 = Release|Any CPU
	EndGlobalSection
	GlobalSection(SolutionProperties) = preSolution
		HideSolutionNode = FALSE
	EndGlobalSection
	GlobalSection(ExtensibilityGlobals) = postSolution
		SolutionGuid = {A9BA5FA7-FBB1-425E-81D4-E6B9A6DEB515}
	EndGlobalSection
EndGlobal
